# This is a Gradle generated file for dependency locking.
# Manual edits can break the build and are not advised.
# This file is expected to be part of source control.
# To regenerate this file, run: ./gradlew :tavall-database-test-suite:dependencies --write-locks
com.fasterxml.jackson.core:jackson-annotations:2.18.3=compileClasspath,runtimeClasspath
com.fasterxml.jackson.core:jackson-annotations:2.20=testCompileClasspath,testRuntimeClasspath
com.fasterxml.jackson.core:jackson-core:2.18.3=compileClasspath,runtimeClasspath,testCompileClasspath,testRuntimeClasspath
com.fasterxml.jackson.core:jackson-databind:2.18.3=compileClasspath,runtimeClasspath,testCompileClasspath,testRuntimeClasspath
com.fasterxml.jackson:jackson-bom:2.18.3=compileClasspath,runtimeClasspath,testCompileClasspath,testRuntimeClasspath
com.fasterxml:classmate:1.5.1=runtimeClasspath,testRuntimeClasspath
com.github.docker-java:docker-java-api:3.7.1=testCompileClasspath,testRuntimeClasspath
com.github.docker-java:docker-java-transport-zerodep:3.7.1=testCompileClasspath,testRuntimeClasspath
com.github.docker-java:docker-java-transport:3.7.1=testCompileClasspath,testRuntimeClasspath
com.google.code.gson:gson:2.13.2=compileClasspath,runtimeClasspath,testCompileClasspath,testRuntimeClasspath
com.google.errorprone:error_prone_annotations:2.41.0=compileClasspath,runtimeClasspath,testCompileClasspath,testRuntimeClasspath
com.sun.istack:istack-commons-runtime:4.1.1=runtimeClasspath,testRuntimeClasspath
commons-codec:commons-codec:1.19.0=testCompileClasspath,testRuntimeClasspath
commons-io:commons-io:2.20.0=testCompileClasspath,testRuntimeClasspath
io.smallrye:jandex:3.2.0=runtimeClasspath,testRuntimeClasspath
jakarta.activation:jakarta.activation-api:2.1.1=runtimeClasspath,testRuntimeClasspath
jakarta.inject:jakarta.inject-api:2.0.1=runtimeClasspath,testRuntimeClasspath
jakarta.persistence:jakarta.persistence-api:3.2.0=compileClasspath,runtimeClasspath,testCompileClasspath,testRuntimeClasspath
jakarta.transaction:jakarta.transaction-api:2.0.1=runtimeClasspath,testRuntimeClasspath
jakarta.xml.bind:jakarta.xml.bind-api:4.0.0=runtimeClasspath,testRuntimeClasspath
net.bytebuddy:byte-buddy:1.15.11=runtimeClasspath,testRuntimeClasspath
net.java.dev.jna:jna:5.18.1=testCompileClasspath,testRuntimeClasspath
org.antlr:antlr4-runtime:4.13.0=runtimeClasspath,testRuntimeClasspath
org.apache.commons:commons-compress:1.28.0=testCompileClasspath,testRuntimeClasspath
org.apache.commons:commons-lang3:3.18.0=testCompileClasspath,testRuntimeClasspath
org.apache.commons:commons-pool2:2.12.1=compileClasspath,runtimeClasspath,testCompileClasspath,testRuntimeClasspath
org.apiguardian:apiguardian-api:1.1.2=testCompileClasspath,testRuntimeClasspath
org.checkerframework:checker-qual:3.52.0=runtimeClasspath,testRuntimeClasspath
org.eclipse.angus:angus-activation:2.0.0=runtimeClasspath,testRuntimeClasspath
org.glassfish.jaxb:jaxb-core:4.0.2=runtimeClasspath,testRuntimeClasspath
org.glassfish.jaxb:jaxb-runtime:4.0.2=runtimeClasspath,testRuntimeClasspath
org.glassfish.jaxb:txw2:4.0.2=runtimeClasspath,testRuntimeClasspath
org.hibernate.common:hibernate-commons-annotations:7.0.3.Final=runtimeClasspath,testRuntimeClasspath
org.hibernate.orm:hibernate-core:6.6.15.Final=runtimeClasspath,testRuntimeClasspath
org.jboss.logging:jboss-logging:3.5.0.Final=runtimeClasspath,testRuntimeClasspath
org.jetbrains:annotations:17.0.0=testCompileClasspath,testRuntimeClasspath
org.json:json:20250517=compileClasspath,runtimeClasspath,testCompileClasspath,testRuntimeClasspath
org.junit.jupiter:junit-jupiter-api:5.11.4=tavallArchitectureTestRuntime,testCompileClasspath,testRuntimeClasspath
org.junit.jupiter:junit-jupiter-engine:5.11.4=tavallArchitectureTestRuntime,testRuntimeClasspath
org.junit.jupiter:junit-jupiter-params:5.11.4=testCompileClasspath,testRuntimeClasspath
org.junit.jupiter:junit-jupiter:5.11.4=testCompileClasspath,testRuntimeClasspath
org.junit.platform:junit-platform-commons:1.11.4=tavallArchitectureTestRuntime,testCompileClasspath,testRuntimeClasspath
org.junit.platform:junit-platform-engine:1.11.4=tavallArchitectureTestRuntime,testRuntimeClasspath
org.junit.platform:junit-platform-launcher:1.11.4=tavallArchitectureTestRuntime,testRuntimeClasspath
org.junit:junit-bom:5.11.4=tavallArchitectureTestRuntime,testCompileClasspath,testRuntimeClasspath
org.mongodb:bson-record-codec:4.11.1=runtimeClasspath,testRuntimeClasspath
org.mongodb:bson:4.11.1=compileClasspath,runtimeClasspath,testCompileClasspath,testRuntimeClasspath
org.mongodb:mongodb-driver-core:4.11.1=compileClasspath,runtimeClasspath,testCompileClasspath,testRuntimeClasspath
org.mongodb:mongodb-driver-sync:4.11.1=compileClasspath,runtimeClasspath,testCompileClasspath,testRuntimeClasspath
org.opentest4j:opentest4j:1.3.0=tavallArchitectureTestRuntime,testCompileClasspath,testRuntimeClasspath
org.postgresql:postgresql:42.7.10=compileClasspath,runtimeClasspath,testCompileClasspath,testRuntimeClasspath
org.rnorth.duct-tape:duct-tape:1.0.8=testCompileClasspath,testRuntimeClasspath
org.slf4j:slf4j-api:1.7.36=compileClasspath,runtimeClasspath,testCompileClasspath,testRuntimeClasspath
org.tavall:tavall-architecture-core:1.1.0=tavallArchitectureTestModules,tavallArchitectureTestRuntime
org.tavall:tavall-architecture-di:1.1.0=tavallArchitectureTestModules,tavallArchitectureTestRuntime
org.tavall:tavall-architecture-patterns:1.1.0=tavallArchitectureTestModules,tavallArchitectureTestRuntime
org.tavall:tavall-di:1.0.0=tavallArchitectureTestRuntime
org.tavall:tavall-logging:1.0.0=compileClasspath,runtimeClasspath,tavallArchitectureTestRuntime,testCompileClasspath,testRuntimeClasspath
org.testcontainers:testcontainers-bom:2.0.5=testCompileClasspath,testRuntimeClasspath
org.testcontainers:testcontainers-junit-jupiter:2.0.5=testCompileClasspath,testRuntimeClasspath
org.testcontainers:testcontainers:2.0.5=testCompileClasspath,testRuntimeClasspath
redis.clients.authentication:redis-authx-core:0.1.1-beta2=compileClasspath,runtimeClasspath,testCompileClasspath,testRuntimeClasspath
redis.clients:jedis:7.2.0=compileClasspath,runtimeClasspath,testCompileClasspath,testRuntimeClasspath
empty=annotationProcessor,testAnnotationProcessor
